
Microsoft Visual Studio Solution File, Format Version 12.00
# Visual Studio 15
VisualStudioVersion = 15.0.26020.0
MinimumVisualStudioVersion = 10.0.40219.1
Project("{2150E333-8FDC-42A3-9474-1A3956D46DE8}") = "src", "src", "{A8A1A4EE-E04A-43AB-90C9-41E7B82EE1E5}"
EndProject
Project("{2150E333-8FDC-42A3-9474-1A3956D46DE8}") = "misc", "misc", "{1FE0D431-A761-4239-B2D6-D32C70723FD2}"
	ProjectSection(SolutionItems) = preProject
		Directory.build.project.props = Directory.build.project.props
		Directory.build.props = Directory.build.props
		Directory.build.shared.explicit.props = Directory.build.shared.explicit.props
		Directory.build.shared.implicit.props = Directory.build.shared.implicit.props
		Directory.build.shared.mat.props = Directory.build.shared.mat.props
		Directory.build.targets = Directory.build.targets
		GlobalSuppressions.cs = GlobalSuppressions.cs
		nuget.config = nuget.config
		Orc.WorkspaceManagement.sln.DotSettings = Orc.WorkspaceManagement.sln.DotSettings
		SolutionAssemblyInfo.cs = SolutionAssemblyInfo.cs
	EndProjectSection
EndProject
Project("{2150E333-8FDC-42A3-9474-1A3956D46DE8}") = "Core", "Core", "{516961BF-FC2B-4FAC-8520-DA8E290B3A78}"
EndProject
Project("{2150E333-8FDC-42A3-9474-1A3956D46DE8}") = "Example", "Example", "{3BA60C73-BAF0-4D2C-90AE-FFE52B20FBFE}"
EndProject
Project("{2150E333-8FDC-42A3-9474-1A3956D46DE8}") = "Tests", "Tests", "{877A811D-2473-4485-8CFA-681EE4E6450F}"
EndProject
Project("{9A19103F-16F7-4668-BE54-9A1E7A4F7556}") = "Orc.WorkspaceManagement", "Orc.WorkspaceManagement\Orc.WorkspaceManagement.csproj", "{D99CBF68-11C5-47BA-8601-F975A45D6175}"
EndProject
Project("{9A19103F-16F7-4668-BE54-9A1E7A4F7556}") = "Orc.WorkspaceManagement.Xaml", "Orc.WorkspaceManagement.Xaml\Orc.WorkspaceManagement.Xaml.csproj", "{53FF0AD1-9C7F-4A20-A4E1-98AC0EA7AF93}"
EndProject
Project("{9A19103F-16F7-4668-BE54-9A1E7A4F7556}") = "Orc.WorkspaceManagement.Example.NET", "Orc.WorkspaceManagement.Example.NET\Orc.WorkspaceManagement.Example.NET.csproj", "{E70E1855-9D61-4063-A209-CA0A150A6F3E}"
EndProject
Project("{9A19103F-16F7-4668-BE54-9A1E7A4F7556}") = "Orc.WorkspaceManagement.Tests", "Orc.WorkspaceManagement.Tests\Orc.WorkspaceManagement.Tests.csproj", "{A7C51ADF-7C37-4223-A550-ED80CCAD3092}"
EndProject
Global
	GlobalSection(SolutionConfigurationPlatforms) = preSolution
		Debug|Any CPU = Debug|Any CPU
		Release|Any CPU = Release|Any CPU
	EndGlobalSection
	GlobalSection(ProjectConfigurationPlatforms) = postSolution
		{D99CBF68-11C5-47BA-8601-F975A45D6175}.Debug|Any CPU.ActiveCfg = Debug|Any CPU
		{D99CBF68-11C5-47BA-8601-F975A45D6175}.Debug|Any CPU.Build.0 = Debug|Any CPU
		{D99CBF68-11C5-47BA-8601-F975A45D6175}.Release|Any CPU.ActiveCfg = Release|Any CPU
		{D99CBF68-11C5-47BA-8601-F975A45D6175}.Release|Any CPU.Build.0 = Release|Any CPU
		{53FF0AD1-9C7F-4A20-A4E1-98AC0EA7AF93}.Debug|Any CPU.ActiveCfg = Debug|Any CPU
		{53FF0AD1-9C7F-4A20-A4E1-98AC0EA7AF93}.Debug|Any CPU.Build.0 = Debug|Any CPU
		{53FF0AD1-9C7F-4A20-A4E1-98AC0EA7AF93}.Release|Any CPU.ActiveCfg = Release|Any CPU
		{53FF0AD1-9C7F-4A20-A4E1-98AC0EA7AF93}.Release|Any CPU.Build.0 = Release|Any CPU
		{E70E1855-9D61-4063-A209-CA0A150A6F3E}.Debug|Any CPU.ActiveCfg = Debug|Any CPU
		{E70E1855-9D61-4063-A209-CA0A150A6F3E}.Debug|Any CPU.Build.0 = Debug|Any CPU
		{E70E1855-9D61-4063-A209-CA0A150A6F3E}.Release|Any CPU.ActiveCfg = Release|Any CPU
		{E70E1855-9D61-4063-A209-CA0A150A6F3E}.Release|Any CPU.Build.0 = Release|Any CPU
		{A7C51ADF-7C37-4223-A550-ED80CCAD3092}.Debug|Any CPU.ActiveCfg = Debug|Any CPU
		{A7C51ADF-7C37-4223-A550-ED80CCAD3092}.Debug|Any CPU.Build.0 = Debug|Any CPU
		{A7C51ADF-7C37-4223-A550-ED80CCAD3092}.Release|Any CPU.ActiveCfg = Release|Any CPU
		{A7C51ADF-7C37-4223-A550-ED80CCAD3092}.Release|Any CPU.Build.0 = Release|Any CPU
	EndGlobalSection
	GlobalSection(SolutionProperties) = preSolution
		HideSolutionNode = FALSE
	EndGlobalSection
	GlobalSection(NestedProjects) = preSolution
		{516961BF-FC2B-4FAC-8520-DA8E290B3A78} = {A8A1A4EE-E04A-43AB-90C9-41E7B82EE1E5}
		{3BA60C73-BAF0-4D2C-90AE-FFE52B20FBFE} = {A8A1A4EE-E04A-43AB-90C9-41E7B82EE1E5}
		{877A811D-2473-4485-8CFA-681EE4E6450F} = {A8A1A4EE-E04A-43AB-90C9-41E7B82EE1E5}
		{D99CBF68-11C5-47BA-8601-F975A45D6175} = {516961BF-FC2B-4FAC-8520-DA8E290B3A78}
		{53FF0AD1-9C7F-4A20-A4E1-98AC0EA7AF93} = {516961BF-FC2B-4FAC-8520-DA8E290B3A78}
		{E70E1855-9D61-4063-A209-CA0A150A6F3E} = {3BA60C73-BAF0-4D2C-90AE-FFE52B20FBFE}
		{A7C51ADF-7C37-4223-A550-ED80CCAD3092} = {877A811D-2473-4485-8CFA-681EE4E6450F}
	EndGlobalSection
	GlobalSection(ExtensibilityGlobals) = postSolution
		SolutionGuid = {B11307ED-3A82-424F-81B0-713BC7D07EF3}
	EndGlobalSection
EndGlobal
